
Microsoft Visual Studio Solution File, Format Version 12.00
# Visual Studio Version 17
VisualStudioVersion = 17.3.32819.101
MinimumVisualStudioVersion = 10.0.40219.1
Project("{9A19103F-16F7-4668-BE54-9A1E7A4F7556}") = "FlatsAPI", "FlatsAPI.csproj", "{5C1C745D-C233-4902-B39D-4F1ABF8170CB}"
EndProject
Project("{2150E333-8FDC-42A3-9474-1A3956D46DE8}") = "Solution Items", "Solution Items", "{DFE696D9-E9BB-4722-BC2C-5C1A6BEEDA66}"
EndProject
Global
	GlobalSection(SolutionConfigurationPlatforms) = preSolution
		Debug|Any CPU = Debug|Any CPU
		Release|Any CPU = Release|Any CPU
	EndGlobalSection
	GlobalSection(ProjectConfigurationPlatforms) = postSolution
		{5C1C745D-C233-4902-B39D-4F1ABF8170CB}.Debug|Any CPU.ActiveCfg = Debug|Any CPU
		{5C1C745D-C233-4902-B39D-4F1ABF8170CB}.Debug|Any CPU.Build.0 = Debug|Any CPU
		{5C1C745D-C233-4902-B39D-4F1ABF8170CB}.Release|Any CPU.ActiveCfg = Release|Any CPU
		{5C1C745D-C233-4902-B39D-4F1ABF8170CB}.Release|Any CPU.Build.0 = Release|Any CPU
	EndGlobalSection
	GlobalSection(SolutionProperties) = preSolution
		HideSolutionNode = FALSE
	EndGlobalSection
	GlobalSection(ExtensibilityGlobals) = postSolution
		SolutionGuid = {B5EC2275-5864-44FA-ADE2-52B0E61A096A}
	EndGlobalSection
EndGlobal
